
Microsoft Visual Studio Solution File, Format Version 12.00
# Visual Studio Version 17
VisualStudioVersion = 17.7.34009.444
MinimumVisualStudioVersion = 10.0.40219.1
Project("{FAE04EC0-301F-11D3-BF4B-00C04F79EFBC}") = "car_rental_test", "car_rental_test\car_rental_test.csproj", "{C75DF30B-297B-4D7F-8026-286402D49146}"
EndProject
Global
	GlobalSection(SolutionConfigurationPlatforms) = preSolution
		Debug|Any CPU = Debug|Any CPU
		Release|Any CPU = Release|Any CPU
	EndGlobalSection
	GlobalSection(ProjectConfigurationPlatforms) = postSolution
		{C75DF30B-297B-4D7F-8026-286402D49146}.Debug|Any CPU.ActiveCfg = Debug|Any CPU
		{C75DF30B-297B-4D7F-8026-286402D49146}.Debug|Any CPU.Build.0 = Debug|Any CPU
		{C75DF30B-297B-4D7F-8026-286402D49146}.Release|Any CPU.ActiveCfg = Release|Any CPU
		{C75DF30B-297B-4D7F-8026-286402D49146}.Release|Any CPU.Build.0 = Release|Any CPU
	EndGlobalSection
	GlobalSection(SolutionProperties) = preSolution
		HideSolutionNode = FALSE
	EndGlobalSection
	GlobalSection(ExtensibilityGlobals) = postSolution
		SolutionGuid = {29232851-B656-429A-A756-CEDCD39F6C88}
	EndGlobalSection
EndGlobal
